
Microsoft Visual Studio Solution File, Format Version 12.00
Project("{FAE04EC0-301F-11D3-BF4B-00C04F79EFBC}") = "MicroControllerApi", "MicroControllerApi.csproj", "{CD95361B-041B-41E8-AA42-6CA503B8E20B}"
EndProject
Global
	GlobalSection(SolutionConfigurationPlatforms) = preSolution
		Debug|Any CPU = Debug|Any CPU
		Release|Any CPU = Release|Any CPU
	EndGlobalSection
	GlobalSection(ProjectConfigurationPlatforms) = postSolution
		{CD95361B-041B-41E8-AA42-6CA503B8E20B}.Debug|Any CPU.ActiveCfg = Debug|Any CPU
		{CD95361B-041B-41E8-AA42-6CA503B8E20B}.Debug|Any CPU.Build.0 = Debug|Any CPU
		{CD95361B-041B-41E8-AA42-6CA503B8E20B}.Release|Any CPU.ActiveCfg = Release|Any CPU
		{CD95361B-041B-41E8-AA42-6CA503B8E20B}.Release|Any CPU.Build.0 = Release|Any CPU
	EndGlobalSection
EndGlobal
